
Microsoft Visual Studio Solution File, Format Version 12.00
# Visual Studio Version 16
VisualStudioVersion = 16.0.30406.217
MinimumVisualStudioVersion = 10.0.40219.1
Project("{FAE04EC0-301F-11D3-BF4B-00C04F79EFBC}") = "MediTurno", "MediTurno.csproj", "{142245CE-396E-48A3-92C7-7B08957CB64A}"
EndProject
Global
	GlobalSection(SolutionConfigurationPlatforms) = preSolution
		Debug|Any CPU = Debug|Any CPU
		Release|Any CPU = Release|Any CPU
	EndGlobalSection
	GlobalSection(ProjectConfigurationPlatforms) = postSolution
		{142245CE-396E-48A3-92C7-7B08957CB64A}.Debug|Any CPU.ActiveCfg = Debug|Any CPU
		{142245CE-396E-48A3-92C7-7B08957CB64A}.Debug|Any CPU.Build.0 = Debug|Any CPU
		{142245CE-396E-48A3-92C7-7B08957CB64A}.Release|Any CPU.ActiveCfg = Release|Any CPU
		{142245CE-396E-48A3-92C7-7B08957CB64A}.Release|Any CPU.Build.0 = Release|Any CPU
	EndGlobalSection
	GlobalSection(SolutionProperties) = preSolution
		HideSolutionNode = FALSE
	EndGlobalSection
	GlobalSection(ExtensibilityGlobals) = postSolution
		SolutionGuid = {191480CE-61FA-45CE-9702-73369BD1F693}
	EndGlobalSection
EndGlobal
